PODS:
  - SnapKit (5.0.1)
  - SwiftGen (6.3.0)

DEPENDENCIES:
  - SnapKit
  - SwiftGen

SPEC REPOS:
  trunk:
    - SnapKit
    - SwiftGen

SPEC CHECKSUMS:
  SnapKit: 97b92857e3df3a0c71833cce143274bf6ef8e5eb
  SwiftGen: 3d5024a47ea79e408cded20763d7a17d18a4548c

PODFILE CHECKSUM: 8c3675a1700f41336ae5d277eb78516ec653155d

COCOAPODS: 1.9.3
